
Microsoft Visual Studio Solution File, Format Version 12.00
# Visual Studio Version 16
VisualStudioVersion = 16.0.29230.47
MinimumVisualStudioVersion = 10.0.40219.1
Project("{FAE04EC0-301F-11D3-BF4B-00C04F79EFBC}") = "TP1 Laboratorio 2", "TP1 Laboratorio 2.csproj", "{D244C092-D26F-458E-AF00-BBBBDF6337C4}"
EndProject
Global
	GlobalSection(SolutionConfigurationPlatforms) = preSolution
		Debug|Any CPU = Debug|Any CPU
		Release|Any CPU = Release|Any CPU
	EndGlobalSection
	GlobalSection(ProjectConfigurationPlatforms) = postSolution
		{D244C092-D26F-458E-AF00-BBBBDF6337C4}.Debug|Any CPU.ActiveCfg = Debug|Any CPU
		{D244C092-D26F-458E-AF00-BBBBDF6337C4}.Debug|Any CPU.Build.0 = Debug|Any CPU
		{D244C092-D26F-458E-AF00-BBBBDF6337C4}.Release|Any CPU.ActiveCfg = Release|Any CPU
		{D244C092-D26F-458E-AF00-BBBBDF6337C4}.Release|Any CPU.Build.0 = Release|Any CPU
	EndGlobalSection
	GlobalSection(SolutionProperties) = preSolution
		HideSolutionNode = FALSE
	EndGlobalSection
	GlobalSection(ExtensibilityGlobals) = postSolution
		SolutionGuid = {A854C198-4D68-4181-ABA0-AA7B46EFE52A}
	EndGlobalSection
EndGlobal
