
Microsoft Visual Studio Solution File, Format Version 12.00
# Visual Studio 15
VisualStudioVersion = 15.0.28307.421
MinimumVisualStudioVersion = 10.0.40219.1
Project("{FAE04EC0-301F-11D3-BF4B-00C04F79EFBC}") = "Entidades", "Entidades\Entidades.csproj", "{A2EAF7FD-8BBD-4A7A-921B-4997DB79B64C}"
EndProject
Project("{FAE04EC0-301F-11D3-BF4B-00C04F79EFBC}") = "MiCalculadora", "MiCalculadora\MiCalculadora.csproj", "{00AB3032-DD75-47C8-B8B6-762D421318D5}"
EndProject
Global
	GlobalSection(SolutionConfigurationPlatforms) = preSolution
		Debug|Any CPU = Debug|Any CPU
		Release|Any CPU = Release|Any CPU
	EndGlobalSection
	GlobalSection(ProjectConfigurationPlatforms) = postSolution
		{A2EAF7FD-8BBD-4A7A-921B-4997DB79B64C}.Debug|Any CPU.ActiveCfg = Debug|Any CPU
		{A2EAF7FD-8BBD-4A7A-921B-4997DB79B64C}.Debug|Any CPU.Build.0 = Debug|Any CPU
		{A2EAF7FD-8BBD-4A7A-921B-4997DB79B64C}.Release|Any CPU.ActiveCfg = Release|Any CPU
		{A2EAF7FD-8BBD-4A7A-921B-4997DB79B64C}.Release|Any CPU.Build.0 = Release|Any CPU
		{00AB3032-DD75-47C8-B8B6-762D421318D5}.Debug|Any CPU.ActiveCfg = Debug|Any CPU
		{00AB3032-DD75-47C8-B8B6-762D421318D5}.Debug|Any CPU.Build.0 = Debug|Any CPU
		{00AB3032-DD75-47C8-B8B6-762D421318D5}.Release|Any CPU.ActiveCfg = Release|Any CPU
		{00AB3032-DD75-47C8-B8B6-762D421318D5}.Release|Any CPU.Build.0 = Release|Any CPU
	EndGlobalSection
	GlobalSection(SolutionProperties) = preSolution
		HideSolutionNode = FALSE
	EndGlobalSection
	GlobalSection(ExtensibilityGlobals) = postSolution
		SolutionGuid = {F1530FA6-EEDF-43E5-B25D-60C2AD9A8724}
	EndGlobalSection
EndGlobal
